
Microsoft Visual Studio Solution File, Format Version 12.00
# Visual Studio Version 17
VisualStudioVersion = 17.12.35707.178 d17.12
MinimumVisualStudioVersion = 10.0.40219.1
Project("{2150E333-8FDC-42A3-9474-1A3956D46DE8}") = "Source", "Source", "{A955EC1C-9086-46DE-9C50-707A7F46BB47}"
EndProject
Project("{2150E333-8FDC-42A3-9474-1A3956D46DE8}") = "Core", "Core", "{904508C3-DD00-4C68-AE5A-C69401B12F83}"
EndProject
Project("{2150E333-8FDC-42A3-9474-1A3956D46DE8}") = "Infrastructure", "Infrastructure", "{39306DB4-DEF7-41EA-8907-C4504A2F63D3}"
EndProject
Project("{2150E333-8FDC-42A3-9474-1A3956D46DE8}") = "Presentation", "Presentation", "{0F6230CE-BFCD-4F82-BC2D-D41B72BEF855}"
EndProject
Project("{FAE04EC0-301F-11D3-BF4B-00C04F79EFBC}") = "FlowCast.Core.Domain", "FlowCast.Core.Domain\FlowCast.Core.Domain.csproj", "{AC8E7A94-AE56-449D-A93C-04C9E23313AD}"
EndProject
Project("{FAE04EC0-301F-11D3-BF4B-00C04F79EFBC}") = "FlowCast.Core.Application", "FlowCast.Core.Application\FlowCast.Core.Application.csproj", "{EECABD8C-F559-4BB3-A906-DAADB83DDEED}"
EndProject
Project("{FAE04EC0-301F-11D3-BF4B-00C04F79EFBC}") = "FlowCast.Infrastructure.Persistence", "FlowCast.Infrastructure.Persistence\FlowCast.Infrastructure.Persistence.csproj", "{45BCF909-5F42-454F-8F7A-3D9068FFE5EA}"
EndProject
Project("{2150E333-8FDC-42A3-9474-1A3956D46DE8}") = "WebApp", "WebApp", "{ADC45F91-95A4-4F1B-BB4D-E0974A488C80}"
EndProject
Project("{2150E333-8FDC-42A3-9474-1A3956D46DE8}") = "WebAPI", "WebAPI", "{152A5CFE-56EF-48DB-917F-ACC4DF471CB6}"
EndProject
Project("{FAE04EC0-301F-11D3-BF4B-00C04F79EFBC}") = "FlowCastAPI", "FlowCastAPI\FlowCastAPI.csproj", "{B45BBF3C-2AE0-448C-8B11-EE9ED5AC8D4E}"
EndProject
Project("{FAE04EC0-301F-11D3-BF4B-00C04F79EFBC}") = "FlowCastApp", "FlowCastApp\FlowCastApp.csproj", "{8864F549-8524-477B-A05C-FCC77EA4750D}"
EndProject
Global
	GlobalSection(SolutionConfigurationPlatforms) = preSolution
		Debug|Any CPU = Debug|Any CPU
		Release|Any CPU = Release|Any CPU
	EndGlobalSection
	GlobalSection(ProjectConfigurationPlatforms) = postSolution
		{AC8E7A94-AE56-449D-A93C-04C9E23313AD}.Debug|Any CPU.ActiveCfg = Debug|Any CPU
		{AC8E7A94-AE56-449D-A93C-04C9E23313AD}.Debug|Any CPU.Build.0 = Debug|Any CPU
		{AC8E7A94-AE56-449D-A93C-04C9E23313AD}.Release|Any CPU.ActiveCfg = Release|Any CPU
		{AC8E7A94-AE56-449D-A93C-04C9E23313AD}.Release|Any CPU.Build.0 = Release|Any CPU
		{EECABD8C-F559-4BB3-A906-DAADB83DDEED}.Debug|Any CPU.ActiveCfg = Debug|Any CPU
		{EECABD8C-F559-4BB3-A906-DAADB83DDEED}.Debug|Any CPU.Build.0 = Debug|Any CPU
		{EECABD8C-F559-4BB3-A906-DAADB83DDEED}.Release|Any CPU.ActiveCfg = Release|Any CPU
		{EECABD8C-F559-4BB3-A906-DAADB83DDEED}.Release|Any CPU.Build.0 = Release|Any CPU
		{45BCF909-5F42-454F-8F7A-3D9068FFE5EA}.Debug|Any CPU.ActiveCfg = Debug|Any CPU
		{45BCF909-5F42-454F-8F7A-3D9068FFE5EA}.Debug|Any CPU.Build.0 = Debug|Any CPU
		{45BCF909-5F42-454F-8F7A-3D9068FFE5EA}.Release|Any CPU.ActiveCfg = Release|Any CPU
		{45BCF909-5F42-454F-8F7A-3D9068FFE5EA}.Release|Any CPU.Build.0 = Release|Any CPU
		{B45BBF3C-2AE0-448C-8B11-EE9ED5AC8D4E}.Debug|Any CPU.ActiveCfg = Debug|Any CPU
		{B45BBF3C-2AE0-448C-8B11-EE9ED5AC8D4E}.Debug|Any CPU.Build.0 = Debug|Any CPU
		{B45BBF3C-2AE0-448C-8B11-EE9ED5AC8D4E}.Release|Any CPU.ActiveCfg = Release|Any CPU
		{B45BBF3C-2AE0-448C-8B11-EE9ED5AC8D4E}.Release|Any CPU.Build.0 = Release|Any CPU
		{8864F549-8524-477B-A05C-FCC77EA4750D}.Debug|Any CPU.ActiveCfg = Debug|Any CPU
		{8864F549-8524-477B-A05C-FCC77EA4750D}.Debug|Any CPU.Build.0 = Debug|Any CPU
		{8864F549-8524-477B-A05C-FCC77EA4750D}.Release|Any CPU.ActiveCfg = Release|Any CPU
		{8864F549-8524-477B-A05C-FCC77EA4750D}.Release|Any CPU.Build.0 = Release|Any CPU
	EndGlobalSection
	GlobalSection(SolutionProperties) = preSolution
		HideSolutionNode = FALSE
	EndGlobalSection
	GlobalSection(NestedProjects) = preSolution
		{904508C3-DD00-4C68-AE5A-C69401B12F83} = {A955EC1C-9086-46DE-9C50-707A7F46BB47}
		{39306DB4-DEF7-41EA-8907-C4504A2F63D3} = {A955EC1C-9086-46DE-9C50-707A7F46BB47}
		{0F6230CE-BFCD-4F82-BC2D-D41B72BEF855} = {A955EC1C-9086-46DE-9C50-707A7F46BB47}
		{AC8E7A94-AE56-449D-A93C-04C9E23313AD} = {904508C3-DD00-4C68-AE5A-C69401B12F83}
		{EECABD8C-F559-4BB3-A906-DAADB83DDEED} = {904508C3-DD00-4C68-AE5A-C69401B12F83}
		{45BCF909-5F42-454F-8F7A-3D9068FFE5EA} = {39306DB4-DEF7-41EA-8907-C4504A2F63D3}
		{ADC45F91-95A4-4F1B-BB4D-E0974A488C80} = {0F6230CE-BFCD-4F82-BC2D-D41B72BEF855}
		{152A5CFE-56EF-48DB-917F-ACC4DF471CB6} = {0F6230CE-BFCD-4F82-BC2D-D41B72BEF855}
		{B45BBF3C-2AE0-448C-8B11-EE9ED5AC8D4E} = {152A5CFE-56EF-48DB-917F-ACC4DF471CB6}
		{8864F549-8524-477B-A05C-FCC77EA4750D} = {ADC45F91-95A4-4F1B-BB4D-E0974A488C80}
	EndGlobalSection
EndGlobal
